
Microsoft Visual Studio Solution File, Format Version 12.00
# Visual Studio 15
VisualStudioVersion = 15.0.28307.421
MinimumVisualStudioVersion = 10.0.40219.1
Project("{9A19103F-16F7-4668-BE54-9A1E7A4F7556}") = "AWSLambdaCryptography", "AWSLambdaCryptography\AWSLambdaCryptography.csproj", "{A8CE2BC8-F2CD-4360-B13C-D8FC9E08C9BC}"
EndProject
Global
	GlobalSection(SolutionConfigurationPlatforms) = preSolution
		Debug|Any CPU = Debug|Any CPU
		Release|Any CPU = Release|Any CPU
	EndGlobalSection
	GlobalSection(ProjectConfigurationPlatforms) = postSolution
		{A8CE2BC8-F2CD-4360-B13C-D8FC9E08C9BC}.Debug|Any CPU.ActiveCfg = Debug|Any CPU
		{A8CE2BC8-F2CD-4360-B13C-D8FC9E08C9BC}.Debug|Any CPU.Build.0 = Debug|Any CPU
		{A8CE2BC8-F2CD-4360-B13C-D8FC9E08C9BC}.Release|Any CPU.ActiveCfg = Release|Any CPU
		{A8CE2BC8-F2CD-4360-B13C-D8FC9E08C9BC}.Release|Any CPU.Build.0 = Release|Any CPU
	EndGlobalSection
	GlobalSection(SolutionProperties) = preSolution
		HideSolutionNode = FALSE
	EndGlobalSection
	GlobalSection(ExtensibilityGlobals) = postSolution
		SolutionGuid = {49B59341-1764-4B67-89F8-A6D59942475C}
	EndGlobalSection
EndGlobal
